{
  "nodes": {
    "nixpkgs": {
      "locked": {
        "lastModified": 1729883621,
        "narHash": "sha256-WULtFqqvzVtG0AjA2j+j65oHITFgYIjjDsPYQgCoYcY=",
        "owner": "nixos",
        "repo": "nixpkgs",
        "rev": "c02f982a97dc6bb118ea990c2838dc46733d7115",
        "type": "github"
      },
      "original": {
        "owner": "nixos",
        "ref": "release-24.05",
        "repo": "nixpkgs",
        "type": "github"
      }
    },
    "root": {
      "inputs": {
        "nixpkgs": "nixpkgs"
      }
    }
  },
  "root": "root",
  "version": 7
}
